// !$*UTF8*$!
{
	archiveVersion = 1;
	classes = {
	};
	objectVersion = 50;
	objects = {

/* Begin PBXBuildFile section */
		614E233923DE3B4500695C83 /* FinalProjectAdvanceios.xcdatamodeld in Sources */ = {isa = PBXBuildFile; fileRef = 614E233723DE3B4500695C83 /* FinalProjectAdvanceios.xcdatamodeld */; };
		615F42CF23DA2C28002FE090 /* NotesTableViewController.swift in Sources */ = {isa = PBXBuildFile; fileRef = 615F42CE23DA2C28002FE090 /* NotesTableViewController.swift */; };
		615F42D123DA3294002FE090 /* CategoryTableViewController.swift in Sources */ = {isa = PBXBuildFile; fileRef = 615F42D023DA3294002FE090 /* CategoryTableViewController.swift */; };
		BD3863CF23DA180E007CD9C1 /* AppDelegate.swift in Sources */ = {isa = PBXBuildFile; fileRef = BD3863CE23DA180E007CD9C1 /* AppDelegate.swift */; };
		BD3863D123DA180E007CD9C1 /* SceneDelegate.swift in Sources */ = {isa = PBXBuildFile; fileRef = BD3863D023DA180E007CD9C1 /* SceneDelegate.swift */; };
		BD3863D323DA180E007CD9C1 /* ViewController.swift in Sources */ = {isa = PBXBuildFile; fileRef = BD3863D223DA180E007CD9C1 /* ViewController.swift */; };
		BD3863D623DA180E007CD9C1 /* Main.storyboard in Resources */ = {isa = PBXBuildFile; fileRef = BD3863D423DA180E007CD9C1 /* Main.storyboard */; };
		BD3863DB23DA180F007CD9C1 /* Assets.xcassets in Resources */ = {isa = PBXBuildFile; fileRef = BD3863DA23DA180F007CD9C1 /* Assets.xcassets */; };
		BD3863DE23DA180F007CD9C1 /* LaunchScreen.storyboard in Resources */ = {isa = PBXBuildFile; fileRef = BD3863DC23DA180F007CD9C1 /* LaunchScreen.storyboard */; };
/* End PBXBuildFile section */

/* Begin PBXFileReference section */
		614E233823DE3B4500695C83 /* FinalProjectAdvanceios.xcdatamodel */ = {isa = PBXFileReference; lastKnownFileType = wrapper.xcdatamodel; path = FinalProjectAdvanceios.xcdatamodel; sourceTree = "<group>"; };
		615F42CE23DA2C28002FE090 /* NotesTableViewController.swift */ = {isa = PBXFileReference; lastKnownFileType = sourcecode.swift; path = NotesTableViewController.swift; sourceTree = "<group>"; };
		615F42D023DA3294002FE090 /* CategoryTableViewController.swift */ = {isa = PBXFileReference; lastKnownFileType = sourcecode.swift; path = CategoryTableViewController.swift; sourceTree = "<group>"; };
		BD3863CB23DA180E007CD9C1 /* FinalProjectAdvanceios.app */ = {isa = PBXFileReference; explicitFileType = wrapper.application; includeInIndex = 0; path = FinalProjectAdvanceios.app; sourceTree = BUILT_PRODUCTS_DIR; };
		BD3863CE23DA180E007CD9C1 /* AppDelegate.swift */ = {isa = PBXFileReference; lastKnownFileType = sourcecode.swift; path = AppDelegate.swift; sourceTree = "<group>"; };
		BD3863D023DA180E007CD9C1 /* SceneDelegate.swift */ = {isa = PBXFileReference; lastKnownFileType = sourcecode.swift; path = SceneDelegate.swift; sourceTree = "<group>"; };
		BD3863D223DA180E007CD9C1 /* ViewController.swift */ = {isa = PBXFileReference; lastKnownFileType = sourcecode.swift; path = ViewController.swift; sourceTree = "<group>"; };
		BD3863D523DA180E007CD9C1 /* Base */ = {isa = PBXFileReference; lastKnownFileType = file.storyboard; name = Base; path = Base.lproj/Main.storyboard; sourceTree = "<group>"; };
		BD3863DA23DA180F007CD9C1 /* Assets.xcassets */ = {isa = PBXFileReference; lastKnownFileType = folder.assetcatalog; path = Assets.xcassets; sourceTree = "<group>"; };
		BD3863DD23DA180F007CD9C1 /* Base */ = {isa = PBXFileReference; lastKnownFileType = file.storyboard; name = Base; path = Base.lproj/LaunchScreen.storyboard; sourceTree = "<group>"; };
		BD3863DF23DA180F007CD9C1 /* Info.plist */ = {isa = PBXFileReference; lastKnownFileType = text.plist.xml; path = Info.plist; sourceTree = "<group>"; };
/* End PBXFileReference section */

/* Begin PBXFrameworksBuildPhase section */
		BD3863C823DA180D007CD9C1 /* Frameworks */ = {
			isa = PBXFrameworksBuildPhase;
			buildActionMask = 2147483647;
			files = (
			);
			runOnlyForDeploymentPostprocessing = 0;
		};
/* End PBXFrameworksBuildPhase section */

/* Begin PBXGroup section */
		615F42CD23DA2C07002FE090 /* New Group */ = {
			isa = PBXGroup;
			children = (
				BD3863D223DA180E007CD9C1 /* ViewController.swift */,
				615F42D023DA3294002FE090 /* CategoryTableViewController.swift */,
				615F42CE23DA2C28002FE090 /* NotesTableViewController.swift */,
			);
			path = "New Group";
			sourceTree = "<group>";
		};
		BD3863C223DA180D007CD9C1 = {
			isa = PBXGroup;
			children = (
				614E233723DE3B4500695C83 /* FinalProjectAdvanceios.xcdatamodeld */,
				BD3863CD23DA180E007CD9C1 /* FinalProjectAdvanceios */,
				BD3863CC23DA180E007CD9C1 /* Products */,
			);
			sourceTree = "<group>";
		};
		BD3863CC23DA180E007CD9C1 /* Products */ = {
			isa = PBXGroup;
			children = (
				BD3863CB23DA180E007CD9C1 /* FinalProjectAdvanceios.app */,
			);
			name = Products;
			sourceTree = "<group>";
		};
		BD3863CD23DA180E007CD9C1 /* FinalProjectAdvanceios */ = {
			isa = PBXGroup;
			children = (
				BD3863CE23DA180E007CD9C1 /* AppDelegate.swift */,
				615F42CD23DA2C07002FE090 /* New Group */,
				BD3863D023DA180E007CD9C1 /* SceneDelegate.swift */,
				BD3863D423DA180E007CD9C1 /* Main.storyboard */,
				BD3863DA23DA180F007CD9C1 /* Assets.xcassets */,
				BD3863DC23DA180F007CD9C1 /* LaunchScreen.storyboard */,
				BD3863DF23DA180F007CD9C1 /* Info.plist */,
			);
			path = FinalProjectAdvanceios;
			sourceTree = "<group>";
		};
/* End PBXGroup section */

/* Begin PBXNativeTarget section */
		BD3863CA23DA180D007CD9C1 /* FinalProjectAdvanceios */ = {
			isa = PBXNativeTarget;
			buildConfigurationList = BD3863E223DA180F007CD9C1 /* Build configuration list for PBXNativeTarget "FinalProjectAdvanceios" */;
			buildPhases = (
				BD3863C723DA180D007CD9C1 /* Sources */,
				BD3863C823DA180D007CD9C1 /* Frameworks */,
				BD3863C923DA180D007CD9C1 /* Resources */,
			);
			buildRules = (
			);
			dependencies = (
			);
			name = FinalProjectAdvanceios;
			productName = FinalProjectAdvanceios;
			productReference = BD3863CB23DA180E007CD9C1 /* FinalProjectAdvanceios.app */;
			productType = "com.apple.product-type.application";
		};
/* End PBXNativeTarget section */

/* Begin PBXProject section */
		BD3863C323DA180D007CD9C1 /* Project object */ = {
			isa = PBXProject;
			attributes = {
				LastSwiftUpdateCheck = 1130;
				LastUpgradeCheck = 1130;
				ORGANIZATIONNAME = "Amanpreet Kaur";
				TargetAttributes = {
					BD3863CA23DA180D007CD9C1 = {
						CreatedOnToolsVersion = 11.3;
					};
				};
			};
			buildConfigurationList = BD3863C623DA180D007CD9C1 /* Build configuration list for PBXProject "FinalProjectAdvanceios" */;
			compatibilityVersion = "Xcode 9.3";
			developmentRegion = en;
			hasScannedForEncodings = 0;
			knownRegions = (
				en,
				Base,
			);
			mainGroup = BD3863C223DA180D007CD9C1;
			productRefGroup = BD3863CC23DA180E007CD9C1 /* Products */;
			projectDirPath = "";
			projectRoot = "";
			targets = (
				BD3863CA23DA180D007CD9C1 /* FinalProjectAdvanceios */,
			);
		};
/* End PBXProject section */

/* Begin PBXResourcesBuildPhase section */
		BD3863C923DA180D007CD9C1 /* Resources */ = {
			isa = PBXResourcesBuildPhase;
			buildActionMask = 2147483647;
			files = (
				BD3863DE23DA180F007CD9C1 /* LaunchScreen.storyboard in Resources */,
				BD3863DB23DA180F007CD9C1 /* Assets.xcassets in Resources */,
				BD3863D623DA180E007CD9C1 /* Main.storyboard in Resources */,
			);
			runOnlyForDeploymentPostprocessing = 0;
		};
/* End PBXResourcesBuildPhase section */

/* Begin PBXSourcesBuildPhase section */
		BD3863C723DA180D007CD9C1 /* Sources */ = {
			isa = PBXSourcesBuildPhase;
			buildActionMask = 2147483647;
			files = (
				BD3863D323DA180E007CD9C1 /* ViewController.swift in Sources */,
				BD3863CF23DA180E007CD9C1 /* AppDelegate.swift in Sources */,
				BD3863D123DA180E007CD9C1 /* SceneDelegate.swift in Sources */,
				615F42CF23DA2C28002FE090 /* NotesTableViewController.swift in Sources */,
				615F42D123DA3294002FE090 /* CategoryTableViewController.swift in Sources */,
				614E233923DE3B4500695C83 /* FinalProjectAdvanceios.xcdatamodeld in Sources */,
			);
			runOnlyForDeploymentPostprocessing = 0;
		};
/* End PBXSourcesBuildPhase section */

/* Begin PBXVariantGroup section */
		BD3863D423DA180E007CD9C1 /* Main.storyboard */ = {
			isa = PBXVariantGroup;
			children = (
				BD3863D523DA180E007CD9C1 /* Base */,
			);
			name = Main.storyboard;
			sourceTree = "<group>";
		};
		BD3863DC23DA180F007CD9C1 /* LaunchScreen.storyboard */ = {
			isa = PBXVariantGroup;
			children = (
				BD3863DD23DA180F007CD9C1 /* Base */,
			);
			name = LaunchScreen.storyboard;
			sourceTree = "<group>";
		};
/* End PBXVariantGroup section */

/* Begin XCBuildConfiguration section */
		BD3863E023DA180F007CD9C1 /* Debug */ = {
			isa = XCBuildConfiguration;
			buildSettings = {
				ALWAYS_SEARCH_USER_PATHS = NO;
				CLANG_ANALYZER_NONNULL = YES;
				CLANG_ANALYZER_NUMBER_OBJECT_CONVERSION = YES_AGGRESSIVE;
				CLANG_CXX_LANGUAGE_STANDARD = "gnu++14";
				CLANG_CXX_LIBRARY = "libc++";
				CLANG_ENABLE_MODULES = YES;
				CLANG_ENABLE_OBJC_ARC = YES;
				CLANG_ENABLE_OBJC_WEAK = YES;
				CLANG_WARN_BLOCK_CAPTURE_AUTORELEASING = YES;
				CLANG_WARN_BOOL_CONVERSION = YES;
				CLANG_WARN_COMMA = YES;
				CLANG_WARN_CONSTANT_CONVERSION = YES;
				CLANG_WARN_DEPRECATED_OBJC_IMPLEMENTATIONS = YES;
				CLANG_WARN_DIRECT_OBJC_ISA_USAGE = YES_ERROR;
				CLANG_WARN_DOCUMENTATION_COMMENTS = YES;
				CLANG_WARN_EMPTY_BODY = YES;
				CLANG_WARN_ENUM_CONVERSION = YES;
				CLANG_WARN_INFINITE_RECURSION = YES;
				CLANG_WARN_INT_CONVERSION = YES;
				CLANG_WARN_NON_LITERAL_NULL_CONVERSION = YES;
				CLANG_WARN_OBJC_IMPLICIT_RETAIN_SELF = YES;
				CLANG_WARN_OBJC_LITERAL_CONVERSION = YES;
				CLANG_WARN_OBJC_ROOT_CLASS = YES_ERROR;
				CLANG_WARN_RANGE_LOOP_ANALYSIS = YES;
				CLANG_WARN_STRICT_PROTOTYPES = YES;
				CLANG_WARN_SUSPICIOUS_MOVE = YES;
				CLANG_WARN_UNGUARDED_AVAILABILITY = YES_AGGRESSIVE;
				CLANG_WARN_UNREACHABLE_CODE = YES;
				CLANG_WARN__DUPLICATE_METHOD_MATCH = YES;
				COPY_PHASE_STRIP = NO;
				DEBUG_INFORMATION_FORMAT = dwarf;
				ENABLE_STRICT_OBJC_MSGSEND = YES;
				ENABLE_TESTABILITY = YES;
				GCC_C_LANGUAGE_STANDARD = gnu11;
				GCC_DYNAMIC_NO_PIC = NO;
				GCC_NO_COMMON_BLOCKS = YES;
				GCC_OPTIMIZATION_LEVEL = 0;
				GCC_PREPROCESSOR_DEFINITIONS = (
					"DEBUG=1",
					"$(inherited)",
				);
				GCC_WARN_64_TO_32_BIT_CONVERSION = YES;
				GCC_WARN_ABOUT_RETURN_TYPE = YES_ERROR;
				GCC_WARN_UNDECLARED_SELECTOR = YES;
				GCC_WARN_UNINITIALIZED_AUTOS = YES_AGGRESSIVE;
				GCC_WARN_UNUSED_FUNCTION = YES;
				GCC_WARN_UNUSED_VARIABLE = YES;
				IPHONEOS_DEPLOYMENT_TARGET = 13.2;
				MTL_ENABLE_DEBUG_INFO = INCLUDE_SOURCE;
				MTL_FAST_MATH = YES;
				ONLY_ACTIVE_ARCH = YES;
				SDKROOT = iphoneos;
				SWIFT_ACTIVE_COMPILATION_CONDITIONS = DEBUG;
				SWIFT_OPTIMIZATION_LEVEL = "-Onone";
			};
			name = Debug;
		};
		BD3863E123DA180F007CD9C1 /* Release */ = {
			isa = XCBuildConfiguration;
			buildSettings = {
				ALWAYS_SEARCH_USER_PATHS = NO;
				CLANG_ANALYZER_NONNULL = YES;
				CLANG_ANALYZER_NUMBER_OBJECT_CONVERSION = YES_AGGRESSIVE;
				CLANG_CXX_LANGUAGE_STANDARD = "gnu++14";
				CLANG_CXX_LIBRARY = "libc++";
				CLANG_ENABLE_MODULES = YES;
				CLANG_ENABLE_OBJC_ARC = YES;
				CLANG_ENABLE_OBJC_WEAK = YES;
				CLANG_WARN_BLOCK_CAPTURE_AUTORELEASING = YES;
				CLANG_WARN_BOOL_CONVERSION = YES;
				CLANG_WARN_COMMA = YES;
				CLANG_WARN_CONSTANT_CONVERSION = YES;
				CLANG_WARN_DEPRECATED_OBJC_IMPLEMENTATIONS = YES;
				CLANG_WARN_DIRECT_OBJC_ISA_USAGE = YES_ERROR;
				CLANG_WARN_DOCUMENTATION_COMMENTS = YES;
				CLANG_WARN_EMPTY_BODY = YES;
				CLANG_WARN_ENUM_CONVERSION = YES;
				CLANG_WARN_INFINITE_RECURSION = YES;
				CLANG_WARN_INT_CONVERSION = YES;
				CLANG_WARN_NON_LITERAL_NULL_CONVERSION = YES;
				CLANG_WARN_OBJC_IMPLICIT_RETAIN_SELF = YES;
				CLANG_WARN_OBJC_LITERAL_CONVERSION = YES;
				CLANG_WARN_OBJC_ROOT_CLASS = YES_ERROR;
				CLANG_WARN_RANGE_LOOP_ANALYSIS = YES;
				CLANG_WARN_STRICT_PROTOTYPES = YES;
				CLANG_WARN_SUSPICIOUS_MOVE = YES;
				CLANG_WARN_UNGUARDED_AVAILABILITY = YES_AGGRESSIVE;
				CLANG_WARN_UNREACHABLE_CODE = YES;
				CLANG_WARN__DUPLICATE_METHOD_MATCH = YES;
				COPY_PHASE_STRIP = NO;
				DEBUG_INFORMATION_FORMAT = "dwarf-with-dsym";
				ENABLE_NS_ASSERTIONS = NO;
				ENABLE_STRICT_OBJC_MSGSEND = YES;
				GCC_C_LANGUAGE_STANDARD = gnu11;
				GCC_NO_COMMON_BLOCKS = YES;
				GCC_WARN_64_TO_32_BIT_CONVERSION = YES;
				GCC_WARN_ABOUT_RETURN_TYPE = YES_ERROR;
				GCC_WARN_UNDECLARED_SELECTOR = YES;
				GCC_WARN_UNINITIALIZED_AUTOS = YES_AGGRESSIVE;
				GCC_WARN_UNUSED_FUNCTION = YES;
				GCC_WARN_UNUSED_VARIABLE = YES;
				IPHONEOS_DEPLOYMENT_TARGET = 13.2;
				MTL_ENABLE_DEBUG_INFO = NO;
				MTL_FAST_MATH = YES;
				SDKROOT = iphoneos;
				SWIFT_COMPILATION_MODE = wholemodule;
				SWIFT_OPTIMIZATION_LEVEL = "-O";
				VALIDATE_PRODUCT = YES;
			};
			name = Release;
		};
		BD3863E323DA180F007CD9C1 /* Debug */ = {
			isa = XCBuildConfiguration;
			buildSettings = {
				ASSETCATALOG_COMPILER_APPICON_NAME = AppIcon;
				CODE_SIGN_STYLE = Automatic;
				DEVELOPMENT_TEAM = 8UH4W8TUP6;
				INFOPLIST_FILE = FinalProjectAdvanceios/Info.plist;
				LD_RUNPATH_SEARCH_PATHS = (
					"$(inherited)",
					"@executable_path/Frameworks",
				);
				PRODUCT_BUNDLE_IDENTIFIER = Aman.FinalProjectAdvanceios;
				PRODUCT_NAME = "$(TARGET_NAME)";
				SWIFT_VERSION = 5.0;
				TARGETED_DEVICE_FAMILY = "1,2";
			};
			name = Debug;
		};
		BD3863E423DA180F007CD9C1 /* Release */ = {
			isa = XCBuildConfiguration;
			buildSettings = {
				ASSETCATALOG_COMPILER_APPICON_NAME = AppIcon;
				CODE_SIGN_STYLE = Automatic;
				DEVELOPMENT_TEAM = 8UH4W8TUP6;
				INFOPLIST_FILE = FinalProjectAdvanceios/Info.plist;
				LD_RUNPATH_SEARCH_PATHS = (
					"$(inherited)",
					"@executable_path/Frameworks",
				);
				PRODUCT_BUNDLE_IDENTIFIER = Aman.FinalProjectAdvanceios;
				PRODUCT_NAME = "$(TARGET_NAME)";
				SWIFT_VERSION = 5.0;
				TARGETED_DEVICE_FAMILY = "1,2";
			};
			name = Release;
		};
/* End XCBuildConfiguration section */

/* Begin XCConfigurationList section */
		BD3863C623DA180D007CD9C1 /* Build configuration list for PBXProject "FinalProjectAdvanceios" */ = {
			isa = XCConfigurationList;
			buildConfigurations = (
				BD3863E023DA180F007CD9C1 /* Debug */,
				BD3863E123DA180F007CD9C1 /* Release */,
			);
			defaultConfigurationIsVisible = 0;
			defaultConfigurationName = Release;
		};
		BD3863E223DA180F007CD9C1 /* Build configuration list for PBXNativeTarget "FinalProjectAdvanceios" */ = {
			isa = XCConfigurationList;
			buildConfigurations = (
				BD3863E323DA180F007CD9C1 /* Debug */,
				BD3863E423DA180F007CD9C1 /* Release */,
			);
			defaultConfigurationIsVisible = 0;
			defaultConfigurationName = Release;
		};
/* End XCConfigurationList section */

/* Begin XCVersionGroup section */
		614E233723DE3B4500695C83 /* FinalProjectAdvanceios.xcdatamodeld */ = {
			isa = XCVersionGroup;
			children = (
				614E233823DE3B4500695C83 /* FinalProjectAdvanceios.xcdatamodel */,
			);
			currentVersion = 614E233823DE3B4500695C83 /* FinalProjectAdvanceios.xcdatamodel */;
			path = FinalProjectAdvanceios.xcdatamodeld;
			sourceTree = "<group>";
			versionGroupType = wrapper.xcdatamodel;
		};
/* End XCVersionGroup section */
	};
	rootObject = BD3863C323DA180D007CD9C1 /* Project object */;
}
